
Microsoft Visual Studio Solution File, Format Version 12.00
# Visual Studio Version 17
VisualStudioVersion = 17.14.36915.13 d17.14
MinimumVisualStudioVersion = 10.0.40219.1
Project("{FAE04EC0-301F-11D3-BF4B-00C04F79EFBC}") = "ProductsMicroService.API", "ProductsMicroService.API\ProductsMicroService.API.csproj", "{B1CA050E-3C1E-4184-986B-876F3F2EBECC}"
EndProject
Project("{FAE04EC0-301F-11D3-BF4B-00C04F79EFBC}") = "DataAccessLayer", "DataAccessLayer\DataAccessLayer.csproj", "{D1402FF3-1E44-4E76-92D3-100C53461D72}"
EndProject
Project("{FAE04EC0-301F-11D3-BF4B-00C04F79EFBC}") = "BusinessLogicLayer", "BusinessLogicLayer\BusinessLogicLayer.csproj", "{844CE321-5CF3-4775-B036-E2265FEF57E1}"
EndProject
Global
	GlobalSection(SolutionConfigurationPlatforms) = preSolution
		Debug|Any CPU = Debug|Any CPU
		Release|Any CPU = Release|Any CPU
	EndGlobalSection
	GlobalSection(ProjectConfigurationPlatforms) = postSolution
		{B1CA050E-3C1E-4184-986B-876F3F2EBECC}.Debug|Any CPU.ActiveCfg = Debug|Any CPU
		{B1CA050E-3C1E-4184-986B-876F3F2EBECC}.Debug|Any CPU.Build.0 = Debug|Any CPU
		{B1CA050E-3C1E-4184-986B-876F3F2EBECC}.Release|Any CPU.ActiveCfg = Release|Any CPU
		{B1CA050E-3C1E-4184-986B-876F3F2EBECC}.Release|Any CPU.Build.0 = Release|Any CPU
		{D1402FF3-1E44-4E76-92D3-100C53461D72}.Debug|Any CPU.ActiveCfg = Debug|Any CPU
		{D1402FF3-1E44-4E76-92D3-100C53461D72}.Debug|Any CPU.Build.0 = Debug|Any CPU
		{D1402FF3-1E44-4E76-92D3-100C53461D72}.Release|Any CPU.ActiveCfg = Release|Any CPU
		{D1402FF3-1E44-4E76-92D3-100C53461D72}.Release|Any CPU.Build.0 = Release|Any CPU
		{844CE321-5CF3-4775-B036-E2265FEF57E1}.Debug|Any CPU.ActiveCfg = Debug|Any CPU
		{844CE321-5CF3-4775-B036-E2265FEF57E1}.Debug|Any CPU.Build.0 = Debug|Any CPU
		{844CE321-5CF3-4775-B036-E2265FEF57E1}.Release|Any CPU.ActiveCfg = Release|Any CPU
		{844CE321-5CF3-4775-B036-E2265FEF57E1}.Release|Any CPU.Build.0 = Release|Any CPU
	EndGlobalSection
	GlobalSection(SolutionProperties) = preSolution
		HideSolutionNode = FALSE
	EndGlobalSection
	GlobalSection(ExtensibilityGlobals) = postSolution
		SolutionGuid = {98A72F90-B281-4F61-96EA-612BA7CFB752}
	EndGlobalSection
EndGlobal
